
Microsoft Visual Studio Solution File, Format Version 12.00
# Visual Studio Version 17
VisualStudioVersion = 17.6.33829.357
MinimumVisualStudioVersion = 10.0.40219.1
Project("{FAE04EC0-301F-11D3-BF4B-00C04F79EFBC}") = "HomeBankingMinHub", "HomeBankingMinHub\HomeBankingMinHub.csproj", "{8A00224C-4EC1-4F21-85C7-B300F837493E}"
EndProject
Global
	GlobalSection(SolutionConfigurationPlatforms) = preSolution
		Debug|Any CPU = Debug|Any CPU
		Release|Any CPU = Release|Any CPU
	EndGlobalSection
	GlobalSection(ProjectConfigurationPlatforms) = postSolution
		{8A00224C-4EC1-4F21-85C7-B300F837493E}.Debug|Any CPU.ActiveCfg = Debug|Any CPU
		{8A00224C-4EC1-4F21-85C7-B300F837493E}.Debug|Any CPU.Build.0 = Debug|Any CPU
		{8A00224C-4EC1-4F21-85C7-B300F837493E}.Release|Any CPU.ActiveCfg = Release|Any CPU
		{8A00224C-4EC1-4F21-85C7-B300F837493E}.Release|Any CPU.Build.0 = Release|Any CPU
	EndGlobalSection
	GlobalSection(SolutionProperties) = preSolution
		HideSolutionNode = FALSE
	EndGlobalSection
	GlobalSection(ExtensibilityGlobals) = postSolution
		SolutionGuid = {37FF7244-DEE2-405D-AAE3-5B755901CC08}
	EndGlobalSection
EndGlobal
